
Microsoft Visual Studio Solution File, Format Version 12.00
# Visual Studio 15
VisualStudioVersion = 15.0.27428.2037
MinimumVisualStudioVersion = 10.0.40219.1
Project("{FAE04EC0-301F-11D3-BF4B-00C04F79EFBC}") = "SquareCalculator", "ClassLibrary1\SquareCalculator.csproj", "{CCC548F7-E3B3-4808-BCD2-2184AB96387E}"
EndProject
Project("{FAE04EC0-301F-11D3-BF4B-00C04F79EFBC}") = "UnitTestSquareCalculator", "SquareCalculatorTests\UnitTestSquareCalculator.csproj", "{1F811D21-AA4D-4329-A465-1586814F8D16}"
EndProject
Global
	GlobalSection(SolutionConfigurationPlatforms) = preSolution
		Debug|Any CPU = Debug|Any CPU
		Release|Any CPU = Release|Any CPU
	EndGlobalSection
	GlobalSection(ProjectConfigurationPlatforms) = postSolution
		{CCC548F7-E3B3-4808-BCD2-2184AB96387E}.Debug|Any CPU.ActiveCfg = Debug|Any CPU
		{CCC548F7-E3B3-4808-BCD2-2184AB96387E}.Debug|Any CPU.Build.0 = Debug|Any CPU
		{CCC548F7-E3B3-4808-BCD2-2184AB96387E}.Release|Any CPU.ActiveCfg = Release|Any CPU
		{CCC548F7-E3B3-4808-BCD2-2184AB96387E}.Release|Any CPU.Build.0 = Release|Any CPU
		{1F811D21-AA4D-4329-A465-1586814F8D16}.Debug|Any CPU.ActiveCfg = Debug|Any CPU
		{1F811D21-AA4D-4329-A465-1586814F8D16}.Debug|Any CPU.Build.0 = Debug|Any CPU
		{1F811D21-AA4D-4329-A465-1586814F8D16}.Release|Any CPU.ActiveCfg = Release|Any CPU
		{1F811D21-AA4D-4329-A465-1586814F8D16}.Release|Any CPU.Build.0 = Release|Any CPU
	EndGlobalSection
	GlobalSection(SolutionProperties) = preSolution
		HideSolutionNode = FALSE
	EndGlobalSection
	GlobalSection(ExtensibilityGlobals) = postSolution
		SolutionGuid = {E40FA079-9393-4764-B7E4-253E5929E6D7}
	EndGlobalSection
EndGlobal
